<?xml version="1.0" encoding="utf-8"?>
<Project ToolsVersion="4.0" xmlns="http://schemas.microsoft.com/developer/msbuild/2003">
  <ItemGroup>
    <Filter Include="源文件">
      <UniqueIdentifier>{4FC737F1-C7A5-4376-A066-2A32D752A2FF}</UniqueIdentifier>
      <Extensions>cpp;c;cc;cxx;c++;cppm;ixx;def;odl;idl;hpj;bat;asm;asmx</Extensions>
    </Filter>
    <Filter Include="头文件">
      <UniqueIdentifier>{93995380-89BD-4b04-88EB-625FBE52EBFB}</UniqueIdentifier>
      <Extensions>h;hh;hpp;hxx;h++;hm;inl;inc;ipp;xsd</Extensions>
    </Filter>
    <Filter Include="资源文件">
      <UniqueIdentifier>{67DA6AB6-F800-4c08-8B7A-83BB121AAD01}</UniqueIdentifier>
      <Extensions>rc;ico;cur;bmp;dlg;rc2;rct;bin;rgs;gif;jpg;jpeg;jpe;resx;tiff;tif;png;wav;mfcribbon-ms</Extensions>
    </Filter>
  </ItemGroup>
  <ItemGroup>
    <ClCompile Include="..\..\..\tier1\bitbuf.cpp">
      <Filter>源文件</Filter>
    </ClCompile>
    <ClCompile Include="..\..\..\tier1\byteswap.cpp">
      <Filter>源文件</Filter>
    </ClCompile>
    <ClCompile Include="..\..\..\tier1\characterset.cpp">
      <Filter>源文件</Filter>
    </ClCompile>
    <ClCompile Include="..\..\..\tier1\checksum_crc.cpp">
      <Filter>源文件</Filter>
    </ClCompile>
    <ClCompile Include="..\..\..\tier1\checksum_md5.cpp">
      <Filter>源文件</Filter>
    </ClCompile>
    <ClCompile Include="..\..\..\tier1\checksum_sha1.cpp">
      <Filter>源文件</Filter>
    </ClCompile>
    <ClCompile Include="..\..\..\tier1\commandbuffer.cpp">
      <Filter>源文件</Filter>
    </ClCompile>
    <ClCompile Include="..\..\..\tier1\convar.cpp">
      <Filter>源文件</Filter>
    </ClCompile>
    <ClCompile Include="..\..\..\tier1\datamanager.cpp">
      <Filter>源文件</Filter>
    </ClCompile>
    <ClCompile Include="..\..\..\tier1\diff.cpp">
      <Filter>源文件</Filter>
    </ClCompile>
    <ClCompile Include="..\..\..\tier1\generichash.cpp">
      <Filter>源文件</Filter>
    </ClCompile>
    <ClCompile Include="..\..\..\tier1\interface.cpp">
      <Filter>源文件</Filter>
    </ClCompile>
    <ClCompile Include="..\..\..\tier1\lzmaDecoder.cpp">
      <Filter>源文件</Filter>
    </ClCompile>
    <ClCompile Include="..\..\..\tier1\lzss.cpp">
      <Filter>源文件</Filter>
    </ClCompile>
    <ClCompile Include="..\..\..\tier1\mempool.cpp">
      <Filter>源文件</Filter>
    </ClCompile>
    <ClCompile Include="..\..\..\tier1\memstack.cpp">
      <Filter>源文件</Filter>
    </ClCompile>
    <ClCompile Include="..\..\..\tier1\NetAdr.cpp">
      <Filter>源文件</Filter>
    </ClCompile>
    <ClCompile Include="..\..\..\tier1\newbitbuf.cpp">
      <Filter>源文件</Filter>
    </ClCompile>
    <ClCompile Include="..\..\..\tier1\rangecheckedvar.cpp">
      <Filter>源文件</Filter>
    </ClCompile>
    <ClCompile Include="..\..\..\tier1\reliabletimer.cpp">
      <Filter>源文件</Filter>
    </ClCompile>
    <ClCompile Include="..\..\..\tier1\snappy.cpp">
      <Filter>源文件</Filter>
    </ClCompile>
    <ClCompile Include="..\..\..\tier1\snappy-sinksource.cpp">
      <Filter>源文件</Filter>
    </ClCompile>
    <ClCompile Include="..\..\..\tier1\snappy-stubs-internal.cpp">
      <Filter>源文件</Filter>
    </ClCompile>
    <ClCompile Include="..\..\..\tier1\sparsematrix.cpp">
      <Filter>源文件</Filter>
    </ClCompile>
    <ClCompile Include="..\..\..\tier1\splitstring.cpp">
      <Filter>源文件</Filter>
    </ClCompile>
    <ClCompile Include="..\..\..\tier1\stringpool.cpp">
      <Filter>源文件</Filter>
    </ClCompile>
    <ClCompile Include="..\..\..\tier1\strtools.cpp">
      <Filter>源文件</Filter>
    </ClCompile>
    <ClCompile Include="..\..\..\tier1\strtools_unicode.cpp">
      <Filter>源文件</Filter>
    </ClCompile>
    <ClCompile Include="..\..\..\tier1\tier1.cpp">
      <Filter>源文件</Filter>
    </ClCompile>
    <ClCompile Include="..\..\..\tier1\tokenreader.cpp">
      <Filter>源文件</Filter>
    </ClCompile>
    <ClCompile Include="..\..\..\tier1\uniqueid.cpp">
      <Filter>源文件</Filter>
    </ClCompile>
    <ClCompile Include="..\..\..\tier1\utlbinaryblock.cpp">
      <Filter>源文件</Filter>
    </ClCompile>
    <ClCompile Include="..\..\..\tier1\utlbuffer.cpp">
      <Filter>源文件</Filter>
    </ClCompile>
    <ClCompile Include="..\..\..\tier1\utlbufferutil.cpp">
      <Filter>源文件</Filter>
    </ClCompile>
    <ClCompile Include="..\..\..\tier1\utlstring.cpp">
      <Filter>源文件</Filter>
    </ClCompile>
    <ClCompile Include="..\..\..\tier1\utlsymbol.cpp">
      <Filter>源文件</Filter>
    </ClCompile>
    <ClCompile Include="..\..\..\tier1\processor_detect.cpp">
      <Filter>源文件</Filter>
    </ClCompile>
    <ClCompile Include="..\..\..\utils\lzma\C\LzmaDec.c">
      <Filter>源文件</Filter>
    </ClCompile>
    <ClCompile Include="..\..\..\tier1\ilocalize.cpp">
      <Filter>源文件</Filter>
    </ClCompile>
    <ClCompile Include="..\..\..\tier1\KeyValues.cpp">
      <Filter>源文件</Filter>
    </ClCompile>
    <ClCompile Include="..\..\..\tier1\keyvaluesjson.cpp">
      <Filter>源文件</Filter>
    </ClCompile>
    <ClCompile Include="..\..\..\tier1\kvpacker.cpp">
      <Filter>源文件</Filter>
    </ClCompile>
  </ItemGroup>
  <ItemGroup>
    <ClInclude Include="..\..\..\public\tier1\bitbuf.h">
      <Filter>头文件</Filter>
    </ClInclude>
    <ClInclude Include="..\..\..\public\tier1\byteswap.h">
      <Filter>头文件</Filter>
    </ClInclude>
    <ClInclude Include="..\..\..\public\tier1\callqueue.h">
      <Filter>头文件</Filter>
    </ClInclude>
    <ClInclude Include="..\..\..\public\tier1\characterset.h">
      <Filter>头文件</Filter>
    </ClInclude>
    <ClInclude Include="..\..\..\public\tier1\checksum_crc.h">
      <Filter>头文件</Filter>
    </ClInclude>
    <ClInclude Include="..\..\..\public\tier1\checksum_md5.h">
      <Filter>头文件</Filter>
    </ClInclude>
    <ClInclude Include="..\..\..\public\tier1\checksum_sha1.h">
      <Filter>头文件</Filter>
    </ClInclude>
    <ClInclude Include="..\..\..\public\tier1\CommandBuffer.h">
      <Filter>头文件</Filter>
    </ClInclude>
    <ClInclude Include="..\..\..\public\tier1\convar.h">
      <Filter>头文件</Filter>
    </ClInclude>
    <ClInclude Include="..\..\..\public\tier1\convar_serverbounded.h">
      <Filter>头文件</Filter>
    </ClInclude>
    <ClInclude Include="..\..\..\public\tier1\datamanager.h">
      <Filter>头文件</Filter>
    </ClInclude>
    <ClInclude Include="..\..\..\public\tier1\delegates.h">
      <Filter>头文件</Filter>
    </ClInclude>
    <ClInclude Include="..\..\..\public\tier1\diff.h">
      <Filter>头文件</Filter>
    </ClInclude>
    <ClInclude Include="..\..\..\public\tier1\fileio.h">
      <Filter>头文件</Filter>
    </ClInclude>
    <ClInclude Include="..\..\..\public\tier1\fmtstr.h">
      <Filter>头文件</Filter>
    </ClInclude>
    <ClInclude Include="..\..\..\public\tier1\functors.h">
      <Filter>头文件</Filter>
    </ClInclude>
    <ClInclude Include="..\..\..\public\tier1\generichash.h">
      <Filter>头文件</Filter>
    </ClInclude>
    <ClInclude Include="..\..\..\public\tier1\iconvar.h">
      <Filter>头文件</Filter>
    </ClInclude>
    <ClInclude Include="..\..\..\public\tier1\ilocalize.h">
      <Filter>头文件</Filter>
    </ClInclude>
    <ClInclude Include="..\..\..\public\tier1\instancelog.h">
      <Filter>头文件</Filter>
    </ClInclude>
    <ClInclude Include="..\..\..\public\tier1\interface.h">
      <Filter>头文件</Filter>
    </ClInclude>
    <ClInclude Include="..\..\..\public\tier1\KeyValues.h">
      <Filter>头文件</Filter>
    </ClInclude>
    <ClInclude Include="..\..\..\public\tier1\keyvaluesjson.h">
      <Filter>头文件</Filter>
    </ClInclude>
    <ClInclude Include="..\..\..\public\tier1\kvpacker.h">
      <Filter>头文件</Filter>
    </ClInclude>
    <ClInclude Include="..\..\..\public\tier1\lzmaDecoder.h">
      <Filter>头文件</Filter>
    </ClInclude>
    <ClInclude Include="..\..\..\public\tier1\lzss.h">
      <Filter>头文件</Filter>
    </ClInclude>
    <ClInclude Include="..\..\..\public\tier1\memhelpers.h">
      <Filter>头文件</Filter>
    </ClInclude>
    <ClInclude Include="..\..\..\public\tier1\mempool.h">
      <Filter>头文件</Filter>
    </ClInclude>
    <ClInclude Include="..\..\..\public\tier1\memstack.h">
      <Filter>头文件</Filter>
    </ClInclude>
    <ClInclude Include="..\..\..\public\tier1\netadr.h">
      <Filter>头文件</Filter>
    </ClInclude>
    <ClInclude Include="..\..\..\public\tier1\passwordhash.h">
      <Filter>头文件</Filter>
    </ClInclude>
    <ClInclude Include="..\..\..\public\tier1\processor_detect.h">
      <Filter>头文件</Filter>
    </ClInclude>
    <ClInclude Include="..\..\..\public\tier1\rangecheckedvar.h">
      <Filter>头文件</Filter>
    </ClInclude>
    <ClInclude Include="..\..\..\public\tier1\refcount.h">
      <Filter>头文件</Filter>
    </ClInclude>
    <ClInclude Include="..\..\..\public\tier1\reliabletimer.h">
      <Filter>头文件</Filter>
    </ClInclude>
    <ClInclude Include="..\..\..\public\tier1\smartptr.h">
      <Filter>头文件</Filter>
    </ClInclude>
    <ClInclude Include="..\..\..\public\tier1\snappy.h">
      <Filter>头文件</Filter>
    </ClInclude>
    <ClInclude Include="..\..\..\public\tier1\snappy-sinksource.h">
      <Filter>头文件</Filter>
    </ClInclude>
    <ClInclude Include="..\..\..\public\tier1\snappy-stubs-public.h">
      <Filter>头文件</Filter>
    </ClInclude>
    <ClInclude Include="..\..\..\public\tier1\sparsematrix.h">
      <Filter>头文件</Filter>
    </ClInclude>
    <ClInclude Include="..\..\..\public\tier1\stringpool.h">
      <Filter>头文件</Filter>
    </ClInclude>
    <ClInclude Include="..\..\..\public\tier1\strtools.h">
      <Filter>头文件</Filter>
    </ClInclude>
    <ClInclude Include="..\..\..\public\tier1\thash.h">
      <Filter>头文件</Filter>
    </ClInclude>
    <ClInclude Include="..\..\..\public\tier1\tier1.h">
      <Filter>头文件</Filter>
    </ClInclude>
    <ClInclude Include="..\..\..\public\tier1\tokenreader.h">
      <Filter>头文件</Filter>
    </ClInclude>
    <ClInclude Include="..\..\..\public\tier1\uniqueid.h">
      <Filter>头文件</Filter>
    </ClInclude>
    <ClInclude Include="..\..\..\public\tier1\utlallocation.h">
      <Filter>头文件</Filter>
    </ClInclude>
    <ClInclude Include="..\..\..\public\tier1\utlarray.h">
      <Filter>头文件</Filter>
    </ClInclude>
    <ClInclude Include="..\..\..\public\tier1\utlbidirectionalset.h">
      <Filter>头文件</Filter>
    </ClInclude>
    <ClInclude Include="..\..\..\public\tier1\utlbinaryblock.h">
      <Filter>头文件</Filter>
    </ClInclude>
    <ClInclude Include="..\..\..\public\tier1\utlblockmemory.h">
      <Filter>头文件</Filter>
    </ClInclude>
    <ClInclude Include="..\..\..\public\tier1\utlbuffer.h">
      <Filter>头文件</Filter>
    </ClInclude>
    <ClInclude Include="..\..\..\public\tier1\utlbufferutil.h">
      <Filter>头文件</Filter>
    </ClInclude>
    <ClInclude Include="..\..\..\public\tier1\utlcommon.h">
      <Filter>头文件</Filter>
    </ClInclude>
    <ClInclude Include="..\..\..\public\tier1\utldelegate.h">
      <Filter>头文件</Filter>
    </ClInclude>
    <ClInclude Include="..\..\..\public\tier1\utldelegateimpl.h">
      <Filter>头文件</Filter>
    </ClInclude>
    <ClInclude Include="..\..\..\public\tier1\utldict.h">
      <Filter>头文件</Filter>
    </ClInclude>
    <ClInclude Include="..\..\..\public\tier1\utlenvelope.h">
      <Filter>头文件</Filter>
    </ClInclude>
    <ClInclude Include="..\..\..\public\tier1\utlfixedmemory.h">
      <Filter>头文件</Filter>
    </ClInclude>
    <ClInclude Include="..\..\..\public\tier1\utlflags.h">
      <Filter>头文件</Filter>
    </ClInclude>
    <ClInclude Include="..\..\..\public\tier1\utlhandletable.h">
      <Filter>头文件</Filter>
    </ClInclude>
    <ClInclude Include="..\..\..\public\tier1\utlhash.h">
      <Filter>头文件</Filter>
    </ClInclude>
    <ClInclude Include="..\..\..\public\tier1\utlhashdict.h">
      <Filter>头文件</Filter>
    </ClInclude>
    <ClInclude Include="..\..\..\public\tier1\utlhashtable.h">
      <Filter>头文件</Filter>
    </ClInclude>
    <ClInclude Include="..\..\..\public\tier1\utlintrusivelist.h">
      <Filter>头文件</Filter>
    </ClInclude>
    <ClInclude Include="..\..\..\public\tier1\utllinkedlist.h">
      <Filter>头文件</Filter>
    </ClInclude>
    <ClInclude Include="..\..\..\public\tier1\utlmap.h">
      <Filter>头文件</Filter>
    </ClInclude>
    <ClInclude Include="..\..\..\public\tier1\utlmemory.h">
      <Filter>头文件</Filter>
    </ClInclude>
    <ClInclude Include="..\..\..\public\tier1\utlmovingaverage.h">
      <Filter>头文件</Filter>
    </ClInclude>
    <ClInclude Include="..\..\..\public\tier1\utlmultilist.h">
      <Filter>头文件</Filter>
    </ClInclude>
    <ClInclude Include="..\..\..\public\tier1\utlntree.h">
      <Filter>头文件</Filter>
    </ClInclude>
    <ClInclude Include="..\..\..\public\tier1\utlobjectreference.h">
      <Filter>头文件</Filter>
    </ClInclude>
    <ClInclude Include="..\..\..\public\tier1\utlpair.h">
      <Filter>头文件</Filter>
    </ClInclude>
    <ClInclude Include="..\..\..\public\tier1\utlpriorityqueue.h">
      <Filter>头文件</Filter>
    </ClInclude>
    <ClInclude Include="..\..\..\public\tier1\utlqueue.h">
      <Filter>头文件</Filter>
    </ClInclude>
    <ClInclude Include="..\..\..\public\tier1\utlrbtree.h">
      <Filter>头文件</Filter>
    </ClInclude>
    <ClInclude Include="..\..\..\public\tier1\utlsoacontainer.h">
      <Filter>头文件</Filter>
    </ClInclude>
    <ClInclude Include="..\..\..\public\tier1\UtlSortVector.h">
      <Filter>头文件</Filter>
    </ClInclude>
    <ClInclude Include="..\..\..\public\tier1\utlstack.h">
      <Filter>头文件</Filter>
    </ClInclude>
    <ClInclude Include="..\..\..\public\tier1\utlstring.h">
      <Filter>头文件</Filter>
    </ClInclude>
    <ClInclude Include="..\..\..\public\tier1\UtlStringMap.h">
      <Filter>头文件</Filter>
    </ClInclude>
    <ClInclude Include="..\..\..\public\tier1\utlsymbol.h">
      <Filter>头文件</Filter>
    </ClInclude>
    <ClInclude Include="..\..\..\public\tier1\utlsymbollarge.h">
      <Filter>头文件</Filter>
    </ClInclude>
    <ClInclude Include="..\..\..\public\tier1\utltshash.h">
      <Filter>头文件</Filter>
    </ClInclude>
    <ClInclude Include="..\..\..\public\tier1\utlvector.h">
      <Filter>头文件</Filter>
    </ClInclude>
  </ItemGroup>
</Project>